
Microsoft Visual Studio Solution File, Format Version 12.00
# Visual Studio Version 17
VisualStudioVersion = 17.7.34221.43
MinimumVisualStudioVersion = 10.0.40219.1
Project("{FAE04EC0-301F-11D3-BF4B-00C04F79EFBC}") = "nov_11_task", "nov_11_task.csproj", "{95A9CA65-F5C1-4EE8-8949-05534FCF9E96}"
EndProject
Global
	GlobalSection(SolutionConfigurationPlatforms) = preSolution
		Debug|Any CPU = Debug|Any CPU
		Release|Any CPU = Release|Any CPU
	EndGlobalSection
	GlobalSection(ProjectConfigurationPlatforms) = postSolution
		{95A9CA65-F5C1-4EE8-8949-05534FCF9E96}.Debug|Any CPU.ActiveCfg = Debug|Any CPU
		{95A9CA65-F5C1-4EE8-8949-05534FCF9E96}.Debug|Any CPU.Build.0 = Debug|Any CPU
		{95A9CA65-F5C1-4EE8-8949-05534FCF9E96}.Release|Any CPU.ActiveCfg = Release|Any CPU
		{95A9CA65-F5C1-4EE8-8949-05534FCF9E96}.Release|Any CPU.Build.0 = Release|Any CPU
	EndGlobalSection
	GlobalSection(SolutionProperties) = preSolution
		HideSolutionNode = FALSE
	EndGlobalSection
	GlobalSection(ExtensibilityGlobals) = postSolution
		SolutionGuid = {E5B88E51-9208-4077-AC9D-9EFCB4765CE3}
	EndGlobalSection
EndGlobal
